// !$*UTF8*$!
{
	archiveVersion = 1;
	classes = {
	};
	objectVersion = 46;
	objects = {

/* Begin PBXBuildFile section */
		0A2EE8A91B6E7D9600995619 /* ApiUsage.swift in Sources */ = {isa = PBXBuildFile; fileRef = 0A2EE8A81B6E7D9600995619 /* ApiUsage.swift */; };
		0A32C5991BD93B5100970014 /* RepositoryObjectTableViewCell.swift in Sources */ = {isa = PBXBuildFile; fileRef = 0A32C5981BD93B5100970014 /* RepositoryObjectTableViewCell.swift */; };
		0A32C59E1BD9439E00970014 /* Util.swift in Sources */ = {isa = PBXBuildFile; fileRef = 0A32C59D1BD9439E00970014 /* Util.swift */; };
		0A5D6CD61BD8A641006B00FF /* BrowseRepositoryTableViewController.swift in Sources */ = {isa = PBXBuildFile; fileRef = 0A5D6CD51BD8A641006B00FF /* BrowseRepositoryTableViewController.swift */; };
		0A76838C1BD83BAF009DD622 /* old-ibm-logo.jpg in Resources */ = {isa = PBXBuildFile; fileRef = 0A76838B1BD83BAF009DD622 /* old-ibm-logo.jpg */; };
		0A76838E1BD83DC9009DD622 /* login_background.png in Resources */ = {isa = PBXBuildFile; fileRef = 0A76838D1BD83DC9009DD622 /* login_background.png */; };
		0A7683901BD83F9B009DD622 /* LoginViewController.swift in Sources */ = {isa = PBXBuildFile; fileRef = 0A76838F1BD83F9B009DD622 /* LoginViewController.swift */; };
		0A7683941BD845B4009DD622 /* Main.storyboard in Resources */ = {isa = PBXBuildFile; fileRef = 0A7683921BD845B4009DD622 /* Main.storyboard */; };
		0A7D52BD1BD96F4A00B0EEBE /* folderIcon.png in Resources */ = {isa = PBXBuildFile; fileRef = 0A7D52BB1BD96F4A00B0EEBE /* folderIcon.png */; };
		0A7D52BE1BD96F4A00B0EEBE /* fileIcon.png in Resources */ = {isa = PBXBuildFile; fileRef = 0A7D52BC1BD96F4A00B0EEBE /* fileIcon.png */; };
		0A7D52C01BD98F9400B0EEBE /* DocumentViewerController.swift in Sources */ = {isa = PBXBuildFile; fileRef = 0A7D52BF1BD98F9400B0EEBE /* DocumentViewerController.swift */; };
		0A7D52C21BD9902800B0EEBE /* QuickLook.framework in Frameworks */ = {isa = PBXBuildFile; fileRef = 0A7D52C11BD9902800B0EEBE /* QuickLook.framework */; };
		0A7D52C41BD9915F00B0EEBE /* SamplePreviewItem.swift in Sources */ = {isa = PBXBuildFile; fileRef = 0A7D52C31BD9915F00B0EEBE /* SamplePreviewItem.swift */; };
		0A8EC6E91BD6FC360018717D /* IBMECMCore.framework in Embed Frameworks */ = {isa = PBXBuildFile; fileRef = D6E479AD1BD0DB3000297E12 /* IBMECMCore.framework */; settings = {ATTRIBUTES = (CodeSignOnCopy, RemoveHeadersOnCopy, ); }; };
		0AB0B7F71BD852110088344C /* MenuOptionsTableViewController.swift in Sources */ = {isa = PBXBuildFile; fileRef = 0AB0B7F61BD852110088344C /* MenuOptionsTableViewController.swift */; };
		0AC7E12B1BDA9D1400337245 /* SearchRepositoryViewController.swift in Sources */ = {isa = PBXBuildFile; fileRef = 0AC7E12A1BDA9D1400337245 /* SearchRepositoryViewController.swift */; };
		0ACBEBF81B62DF6400479F56 /* AppDelegate.swift in Sources */ = {isa = PBXBuildFile; fileRef = 0ACBEBF71B62DF6400479F56 /* AppDelegate.swift */; };
		0ACBEC021B62DF6400479F56 /* Images.xcassets in Resources */ = {isa = PBXBuildFile; fileRef = 0ACBEC011B62DF6400479F56 /* Images.xcassets */; };
		0ACBEC051B62DF6400479F56 /* LaunchScreen.xib in Resources */ = {isa = PBXBuildFile; fileRef = 0ACBEC031B62DF6400479F56 /* LaunchScreen.xib */; };
		0ADFC26D1BD867A300F1D4AB /* MenuOptionNavigationController.swift in Sources */ = {isa = PBXBuildFile; fileRef = 0ADFC26C1BD867A300F1D4AB /* MenuOptionNavigationController.swift */; };
		6F9D8EF8FD49D64431A9E29B /* Pods_IBMECMCoreSampleApp.framework in Frameworks */ = {isa = PBXBuildFile; fileRef = 2E178EF38A66E325620657F3 /* Pods_IBMECMCoreSampleApp.framework */; };
		D699BED21BD0E2DA0049117C /* IBMECMCore.framework in Frameworks */ = {isa = PBXBuildFile; fileRef = D6E479AD1BD0DB3000297E12 /* IBMECMCore.framework */; };
/* End PBXBuildFile section */

/* Begin PBXCopyFilesBuildPhase section */
		A7CE71461B6DB1940077ED69 /* Embed Frameworks */ = {
			isa = PBXCopyFilesBuildPhase;
			buildActionMask = 2147483647;
			dstPath = "";
			dstSubfolderSpec = 10;
			files = (
				0A8EC6E91BD6FC360018717D /* IBMECMCore.framework in Embed Frameworks */,
			);
			name = "Embed Frameworks";
			runOnlyForDeploymentPostprocessing = 0;
		};
/* End PBXCopyFilesBuildPhase section */

/* Begin PBXFileReference section */
		0A2EE8A81B6E7D9600995619 /* ApiUsage.swift */ = {isa = PBXFileReference; fileEncoding = 4; lastKnownFileType = sourcecode.swift; path = ApiUsage.swift; sourceTree = "<group>"; };
		0A32C5981BD93B5100970014 /* RepositoryObjectTableViewCell.swift */ = {isa = PBXFileReference; fileEncoding = 4; lastKnownFileType = sourcecode.swift; path = RepositoryObjectTableViewCell.swift; sourceTree = "<group>"; };
		0A32C59D1BD9439E00970014 /* Util.swift */ = {isa = PBXFileReference; fileEncoding = 4; lastKnownFileType = sourcecode.swift; path = Util.swift; sourceTree = "<group>"; };
		0A5D6CD51BD8A641006B00FF /* BrowseRepositoryTableViewController.swift */ = {isa = PBXFileReference; fileEncoding = 4; lastKnownFileType = sourcecode.swift; path = BrowseRepositoryTableViewController.swift; sourceTree = "<group>"; };
		0A76838B1BD83BAF009DD622 /* old-ibm-logo.jpg */ = {isa = PBXFileReference; lastKnownFileType = image.jpeg; path = "old-ibm-logo.jpg"; sourceTree = "<group>"; };
		0A76838D1BD83DC9009DD622 /* login_background.png */ = {isa = PBXFileReference; lastKnownFileType = image.png; path = login_background.png; sourceTree = "<group>"; };
		0A76838F1BD83F9B009DD622 /* LoginViewController.swift */ = {isa = PBXFileReference; fileEncoding = 4; lastKnownFileType = sourcecode.swift; path = LoginViewController.swift; sourceTree = "<group>"; };
		0A7683931BD845B4009DD622 /* Base */ = {isa = PBXFileReference; lastKnownFileType = file.storyboard; name = Base; path = Base.lproj/Main.storyboard; sourceTree = "<group>"; };
		0A7D52BB1BD96F4A00B0EEBE /* folderIcon.png */ = {isa = PBXFileReference; lastKnownFileType = image.png; path = folderIcon.png; sourceTree = "<group>"; };
		0A7D52BC1BD96F4A00B0EEBE /* fileIcon.png */ = {isa = PBXFileReference; lastKnownFileType = image.png; path = fileIcon.png; sourceTree = "<group>"; };
		0A7D52BF1BD98F9400B0EEBE /* DocumentViewerController.swift */ = {isa = PBXFileReference; fileEncoding = 4; lastKnownFileType = sourcecode.swift; path = DocumentViewerController.swift; sourceTree = "<group>"; };
		0A7D52C11BD9902800B0EEBE /* QuickLook.framework */ = {isa = PBXFileReference; lastKnownFileType = wrapper.framework; name = QuickLook.framework; path = System/Library/Frameworks/QuickLook.framework; sourceTree = SDKROOT; };
		0A7D52C31BD9915F00B0EEBE /* SamplePreviewItem.swift */ = {isa = PBXFileReference; fileEncoding = 4; lastKnownFileType = sourcecode.swift; path = SamplePreviewItem.swift; sourceTree = "<group>"; };
		0AB0B7F61BD852110088344C /* MenuOptionsTableViewController.swift */ = {isa = PBXFileReference; fileEncoding = 4; lastKnownFileType = sourcecode.swift; path = MenuOptionsTableViewController.swift; sourceTree = "<group>"; };
		0AC7E12A1BDA9D1400337245 /* SearchRepositoryViewController.swift */ = {isa = PBXFileReference; fileEncoding = 4; lastKnownFileType = sourcecode.swift; path = SearchRepositoryViewController.swift; sourceTree = "<group>"; };
		0ACBEBF31B62DF6400479F56 /* IBMECMCoreSampleApp.app */ = {isa = PBXFileReference; explicitFileType = wrapper.application; includeInIndex = 0; path = IBMECMCoreSampleApp.app; sourceTree = BUILT_PRODUCTS_DIR; };
		0ACBEBF61B62DF6400479F56 /* Info.plist */ = {isa = PBXFileReference; lastKnownFileType = text.plist.xml; path = Info.plist; sourceTree = "<group>"; };
		0ACBEBF71B62DF6400479F56 /* AppDelegate.swift */ = {isa = PBXFileReference; lastKnownFileType = sourcecode.swift; path = AppDelegate.swift; sourceTree = "<group>"; };
		0ACBEC011B62DF6400479F56 /* Images.xcassets */ = {isa = PBXFileReference; lastKnownFileType = folder.assetcatalog; path = Images.xcassets; sourceTree = "<group>"; };
		0ACBEC041B62DF6400479F56 /* Base */ = {isa = PBXFileReference; lastKnownFileType = file.xib; name = Base; path = Base.lproj/LaunchScreen.xib; sourceTree = "<group>"; };
		0ADFC26C1BD867A300F1D4AB /* MenuOptionNavigationController.swift */ = {isa = PBXFileReference; fileEncoding = 4; lastKnownFileType = sourcecode.swift; path = MenuOptionNavigationController.swift; sourceTree = "<group>"; };
		13D0D888D8487F631221EFD4 /* Pods-IBMECMCoreSampleApp.release.xcconfig */ = {isa = PBXFileReference; includeInIndex = 1; lastKnownFileType = text.xcconfig; name = "Pods-IBMECMCoreSampleApp.release.xcconfig"; path = "../Pods/Target Support Files/Pods-IBMECMCoreSampleApp/Pods-IBMECMCoreSampleApp.release.xcconfig"; sourceTree = "<group>"; };
		15CEAE41DEA7F0862081F24B /* Pods-IBMECMCoreSampleApp.debug.xcconfig */ = {isa = PBXFileReference; includeInIndex = 1; lastKnownFileType = text.xcconfig; name = "Pods-IBMECMCoreSampleApp.debug.xcconfig"; path = "../Pods/Target Support Files/Pods-IBMECMCoreSampleApp/Pods-IBMECMCoreSampleApp.debug.xcconfig"; sourceTree = "<group>"; };
		2E178EF38A66E325620657F3 /* Pods_IBMECMCoreSampleApp.framework */ = {isa = PBXFileReference; explicitFileType = wrapper.framework; includeInIndex = 0; path = Pods_IBMECMCoreSampleApp.framework; sourceTree = BUILT_PRODUCTS_DIR; };
		D6E479AD1BD0DB3000297E12 /* IBMECMCore.framework */ = {isa = PBXFileReference; lastKnownFileType = wrapper.framework; name = IBMECMCore.framework; path = ../IBMECMCore.framework; sourceTree = "<group>"; };
/* End PBXFileReference section */

/* Begin PBXFrameworksBuildPhase section */
		0ACBEBF01B62DF6400479F56 /* Frameworks */ = {
			isa = PBXFrameworksBuildPhase;
			buildActionMask = 2147483647;
			files = (
				0A7D52C21BD9902800B0EEBE /* QuickLook.framework in Frameworks */,
				D699BED21BD0E2DA0049117C /* IBMECMCore.framework in Frameworks */,
				6F9D8EF8FD49D64431A9E29B /* Pods_IBMECMCoreSampleApp.framework in Frameworks */,
			);
			runOnlyForDeploymentPostprocessing = 0;
		};
/* End PBXFrameworksBuildPhase section */

/* Begin PBXGroup section */
		0A76838A1BD83B9E009DD622 /* Resources */ = {
			isa = PBXGroup;
			children = (
				0A7D52BB1BD96F4A00B0EEBE /* folderIcon.png */,
				0A7D52BC1BD96F4A00B0EEBE /* fileIcon.png */,
				0A76838D1BD83DC9009DD622 /* login_background.png */,
				0A76838B1BD83BAF009DD622 /* old-ibm-logo.jpg */,
			);
			name = Resources;
			sourceTree = "<group>";
		};
		0ACBEBF41B62DF6400479F56 /* IBMECMCoreSampleApp */ = {
			isa = PBXGroup;
			children = (
				0A2EE8A81B6E7D9600995619 /* ApiUsage.swift */,
				0ACBEBF71B62DF6400479F56 /* AppDelegate.swift */,
				0A76838F1BD83F9B009DD622 /* LoginViewController.swift */,
				0AB0B7F61BD852110088344C /* MenuOptionsTableViewController.swift */,
				0ADFC26C1BD867A300F1D4AB /* MenuOptionNavigationController.swift */,
				0A5D6CD51BD8A641006B00FF /* BrowseRepositoryTableViewController.swift */,
				0A32C5981BD93B5100970014 /* RepositoryObjectTableViewCell.swift */,
				0A7D52BF1BD98F9400B0EEBE /* DocumentViewerController.swift */,
				0AC7E12A1BDA9D1400337245 /* SearchRepositoryViewController.swift */,
				0A7D52C31BD9915F00B0EEBE /* SamplePreviewItem.swift */,
				0A32C59D1BD9439E00970014 /* Util.swift */,
				0A7683921BD845B4009DD622 /* Main.storyboard */,
				0ACBEC031B62DF6400479F56 /* LaunchScreen.xib */,
				0ACBEC011B62DF6400479F56 /* Images.xcassets */,
				0A76838A1BD83B9E009DD622 /* Resources */,
				0ACBEBF51B62DF6400479F56 /* Supporting Files */,
			);
			path = IBMECMCoreSampleApp;
			sourceTree = "<group>";
		};
		0ACBEBF51B62DF6400479F56 /* Supporting Files */ = {
			isa = PBXGroup;
			children = (
				0ACBEBF61B62DF6400479F56 /* Info.plist */,
			);
			name = "Supporting Files";
			sourceTree = "<group>";
		};
		2982D5609C486998937DB40B /* Frameworks */ = {
			isa = PBXGroup;
			children = (
				0A7D52C11BD9902800B0EEBE /* QuickLook.framework */,
				D6E479AD1BD0DB3000297E12 /* IBMECMCore.framework */,
				2E178EF38A66E325620657F3 /* Pods_IBMECMCoreSampleApp.framework */,
			);
			name = Frameworks;
			sourceTree = "<group>";
		};
		5075461D6691F78C786A5CA6 /* Pods */ = {
			isa = PBXGroup;
			children = (
				15CEAE41DEA7F0862081F24B /* Pods-IBMECMCoreSampleApp.debug.xcconfig */,
				13D0D888D8487F631221EFD4 /* Pods-IBMECMCoreSampleApp.release.xcconfig */,
			);
			name = Pods;
			sourceTree = "<group>";
		};
		A77261691B595F280077E80E = {
			isa = PBXGroup;
			children = (
				0ACBEBF41B62DF6400479F56 /* IBMECMCoreSampleApp */,
				A77261741B595F280077E80E /* Products */,
				5075461D6691F78C786A5CA6 /* Pods */,
				2982D5609C486998937DB40B /* Frameworks */,
			);
			sourceTree = "<group>";
		};
		A77261741B595F280077E80E /* Products */ = {
			isa = PBXGroup;
			children = (
				0ACBEBF31B62DF6400479F56 /* IBMECMCoreSampleApp.app */,
			);
			name = Products;
			sourceTree = "<group>";
		};
/* End PBXGroup section */

/* Begin PBXNativeTarget section */
		0ACBEBF21B62DF6400479F56 /* IBMECMCoreSampleApp */ = {
			isa = PBXNativeTarget;
			buildConfigurationList = 0ACBEC121B62DF6400479F56 /* Build configuration list for PBXNativeTarget "IBMECMCoreSampleApp" */;
			buildPhases = (
				0A6D04892F717FB7FF1BC78E /* Check Pods Manifest.lock */,
				0ACBEBEF1B62DF6400479F56 /* Sources */,
				0ACBEBF01B62DF6400479F56 /* Frameworks */,
				0ACBEBF11B62DF6400479F56 /* Resources */,
				F8434D7E6D70870A15B81561 /* Embed Pods Frameworks */,
				1990C6F64BB0C104B2BEA575 /* Copy Pods Resources */,
				A7CE71461B6DB1940077ED69 /* Embed Frameworks */,
			);
			buildRules = (
			);
			dependencies = (
			);
			name = IBMECMCoreSampleApp;
			productName = IBMECMCoreSampleApp;
			productReference = 0ACBEBF31B62DF6400479F56 /* IBMECMCoreSampleApp.app */;
			productType = "com.apple.product-type.application";
		};
/* End PBXNativeTarget section */

/* Begin PBXProject section */
		A772616A1B595F280077E80E /* Project object */ = {
			isa = PBXProject;
			attributes = {
				LastSwiftUpdateCheck = 0700;
				LastUpgradeCheck = 0720;
				ORGANIZATIONNAME = IBM;
				TargetAttributes = {
					0ACBEBF21B62DF6400479F56 = {
						CreatedOnToolsVersion = 6.4;
					};
				};
			};
			buildConfigurationList = A772616D1B595F280077E80E /* Build configuration list for PBXProject "IBMECMCoreSample" */;
			compatibilityVersion = "Xcode 3.2";
			developmentRegion = English;
			hasScannedForEncodings = 0;
			knownRegions = (
				en,
				Base,
			);
			mainGroup = A77261691B595F280077E80E;
			productRefGroup = A77261741B595F280077E80E /* Products */;
			projectDirPath = "";
			projectRoot = "";
			targets = (
				0ACBEBF21B62DF6400479F56 /* IBMECMCoreSampleApp */,
			);
		};
/* End PBXProject section */

/* Begin PBXResourcesBuildPhase section */
		0ACBEBF11B62DF6400479F56 /* Resources */ = {
			isa = PBXResourcesBuildPhase;
			buildActionMask = 2147483647;
			files = (
				0A7D52BD1BD96F4A00B0EEBE /* folderIcon.png in Resources */,
				0A76838E1BD83DC9009DD622 /* login_background.png in Resources */,
				0A7683941BD845B4009DD622 /* Main.storyboard in Resources */,
				0A76838C1BD83BAF009DD622 /* old-ibm-logo.jpg in Resources */,
				0A7D52BE1BD96F4A00B0EEBE /* fileIcon.png in Resources */,
				0ACBEC051B62DF6400479F56 /* LaunchScreen.xib in Resources */,
				0ACBEC021B62DF6400479F56 /* Images.xcassets in Resources */,
			);
			runOnlyForDeploymentPostprocessing = 0;
		};
/* End PBXResourcesBuildPhase section */

/* Begin PBXShellScriptBuildPhase section */
		0A6D04892F717FB7FF1BC78E /* Check Pods Manifest.lock */ = {
			isa = PBXShellScriptBuildPhase;
			buildActionMask = 2147483647;
			files = (
			);
			inputPaths = (
			);
			name = "Check Pods Manifest.lock";
			outputPaths = (
			);
			runOnlyForDeploymentPostprocessing = 0;
			shellPath = /bin/sh;
			shellScript = "diff \"${PODS_ROOT}/../Podfile.lock\" \"${PODS_ROOT}/Manifest.lock\" > /dev/null\nif [[ $? != 0 ]] ; then\n    cat << EOM\nerror: The sandbox is not in sync with the Podfile.lock. Run 'pod install' or update your CocoaPods installation.\nEOM\n    exit 1\nfi\n";
			showEnvVarsInLog = 0;
		};
		1990C6F64BB0C104B2BEA575 /* Copy Pods Resources */ = {
			isa = PBXShellScriptBuildPhase;
			buildActionMask = 2147483647;
			files = (
			);
			inputPaths = (
			);
			name = "Copy Pods Resources";
			outputPaths = (
			);
			runOnlyForDeploymentPostprocessing = 0;
			shellPath = /bin/sh;
			shellScript = "\"${SRCROOT}/../Pods/Target Support Files/Pods-IBMECMCoreSampleApp/Pods-IBMECMCoreSampleApp-resources.sh\"\n";
			showEnvVarsInLog = 0;
		};
		F8434D7E6D70870A15B81561 /* Embed Pods Frameworks */ = {
			isa = PBXShellScriptBuildPhase;
			buildActionMask = 2147483647;
			files = (
			);
			inputPaths = (
			);
			name = "Embed Pods Frameworks";
			outputPaths = (
			);
			runOnlyForDeploymentPostprocessing = 0;
			shellPath = /bin/sh;
			shellScript = "\"${SRCROOT}/../Pods/Target Support Files/Pods-IBMECMCoreSampleApp/Pods-IBMECMCoreSampleApp-frameworks.sh\"\n";
			showEnvVarsInLog = 0;
		};
/* End PBXShellScriptBuildPhase section */

/* Begin PBXSourcesBuildPhase section */
		0ACBEBEF1B62DF6400479F56 /* Sources */ = {
			isa = PBXSourcesBuildPhase;
			buildActionMask = 2147483647;
			files = (
				0A32C5991BD93B5100970014 /* RepositoryObjectTableViewCell.swift in Sources */,
				0A7D52C01BD98F9400B0EEBE /* DocumentViewerController.swift in Sources */,
				0A7683901BD83F9B009DD622 /* LoginViewController.swift in Sources */,
				0A7D52C41BD9915F00B0EEBE /* SamplePreviewItem.swift in Sources */,
				0AC7E12B1BDA9D1400337245 /* SearchRepositoryViewController.swift in Sources */,
				0A2EE8A91B6E7D9600995619 /* ApiUsage.swift in Sources */,
				0A32C59E1BD9439E00970014 /* Util.swift in Sources */,
				0ACBEBF81B62DF6400479F56 /* AppDelegate.swift in Sources */,
				0A5D6CD61BD8A641006B00FF /* BrowseRepositoryTableViewController.swift in Sources */,
				0AB0B7F71BD852110088344C /* MenuOptionsTableViewController.swift in Sources */,
				0ADFC26D1BD867A300F1D4AB /* MenuOptionNavigationController.swift in Sources */,
			);
			runOnlyForDeploymentPostprocessing = 0;
		};
/* End PBXSourcesBuildPhase section */

/* Begin PBXVariantGroup section */
		0A7683921BD845B4009DD622 /* Main.storyboard */ = {
			isa = PBXVariantGroup;
			children = (
				0A7683931BD845B4009DD622 /* Base */,
			);
			name = Main.storyboard;
			sourceTree = "<group>";
		};
		0ACBEC031B62DF6400479F56 /* LaunchScreen.xib */ = {
			isa = PBXVariantGroup;
			children = (
				0ACBEC041B62DF6400479F56 /* Base */,
			);
			name = LaunchScreen.xib;
			sourceTree = "<group>";
		};
/* End PBXVariantGroup section */

/* Begin XCBuildConfiguration section */
		0ACBEC131B62DF6400479F56 /* Debug */ = {
			isa = XCBuildConfiguration;
			baseConfigurationReference = 15CEAE41DEA7F0862081F24B /* Pods-IBMECMCoreSampleApp.debug.xcconfig */;
			buildSettings = {
				ASSETCATALOG_COMPILER_APPICON_NAME = AppIcon;
				FRAMEWORK_SEARCH_PATHS = (
					"${PROJECT_DIR}/..",
					"$(inherited)",
					..,
				);
				GCC_PREPROCESSOR_DEFINITIONS = (
					"DEBUG=1",
					"$(inherited)",
				);
				INFOPLIST_FILE = IBMECMCoreSampleApp/Info.plist;
				LD_RUNPATH_SEARCH_PATHS = "$(inherited) @executable_path/Frameworks";
				PRODUCT_BUNDLE_IDENTIFIER = "com.ibm.ecm.$(PRODUCT_NAME:rfc1034identifier)";
			};
			name = Debug;
		};
		0ACBEC141B62DF6400479F56 /* Release */ = {
			isa = XCBuildConfiguration;
			baseConfigurationReference = 13D0D888D8487F631221EFD4 /* Pods-IBMECMCoreSampleApp.release.xcconfig */;
			buildSettings = {
				ASSETCATALOG_COMPILER_APPICON_NAME = AppIcon;
				FRAMEWORK_SEARCH_PATHS = (
					"${PROJECT_DIR}/..",
					"$(inherited)",
					..,
				);
				INFOPLIST_FILE = IBMECMCoreSampleApp/Info.plist;
				LD_RUNPATH_SEARCH_PATHS = "$(inherited) @executable_path/Frameworks";
				PRODUCT_BUNDLE_IDENTIFIER = "com.ibm.ecm.$(PRODUCT_NAME:rfc1034identifier)";
			};
			name = Release;
		};
		A77261871B595F280077E80E /* Debug */ = {
			isa = XCBuildConfiguration;
			buildSettings = {
				ALWAYS_SEARCH_USER_PATHS = YES;
				CLANG_CXX_LANGUAGE_STANDARD = "gnu++0x";
				CLANG_CXX_LIBRARY = "libc++";
				CLANG_ENABLE_MODULES = YES;
				CLANG_ENABLE_OBJC_ARC = YES;
				CLANG_WARN_BOOL_CONVERSION = YES;
				CLANG_WARN_CONSTANT_CONVERSION = YES;
				CLANG_WARN_DIRECT_OBJC_ISA_USAGE = YES_ERROR;
				CLANG_WARN_EMPTY_BODY = YES;
				CLANG_WARN_ENUM_CONVERSION = YES;
				CLANG_WARN_INT_CONVERSION = YES;
				CLANG_WARN_OBJC_ROOT_CLASS = YES_ERROR;
				CLANG_WARN_UNREACHABLE_CODE = YES;
				CLANG_WARN__DUPLICATE_METHOD_MATCH = YES;
				COPY_PHASE_STRIP = NO;
				DEBUG_INFORMATION_FORMAT = "dwarf-with-dsym";
				ENABLE_STRICT_OBJC_MSGSEND = YES;
				ENABLE_TESTABILITY = YES;
				GCC_C_LANGUAGE_STANDARD = gnu99;
				GCC_DYNAMIC_NO_PIC = NO;
				GCC_NO_COMMON_BLOCKS = YES;
				GCC_OPTIMIZATION_LEVEL = 0;
				GCC_PREPROCESSOR_DEFINITIONS = (
					"DEBUG=1",
					"$(inherited)",
				);
				GCC_SYMBOLS_PRIVATE_EXTERN = NO;
				GCC_WARN_64_TO_32_BIT_CONVERSION = YES;
				GCC_WARN_ABOUT_RETURN_TYPE = YES_ERROR;
				GCC_WARN_UNDECLARED_SELECTOR = YES;
				GCC_WARN_UNINITIALIZED_AUTOS = YES_AGGRESSIVE;
				GCC_WARN_UNUSED_FUNCTION = YES;
				GCC_WARN_UNUSED_VARIABLE = YES;
				IPHONEOS_DEPLOYMENT_TARGET = 8.4;
				MTL_ENABLE_DEBUG_INFO = YES;
				ONLY_ACTIVE_ARCH = YES;
				PRODUCT_NAME = IBMECMCoreSampleApp;
				SDKROOT = iphoneos;
				SWIFT_OPTIMIZATION_LEVEL = "-Onone";
				TARGETED_DEVICE_FAMILY = "1,2";
				VERSIONING_SYSTEM = "";
			};
			name = Debug;
		};
		A77261881B595F280077E80E /* Release */ = {
			isa = XCBuildConfiguration;
			buildSettings = {
				ALWAYS_SEARCH_USER_PATHS = YES;
				CLANG_CXX_LANGUAGE_STANDARD = "gnu++0x";
				CLANG_CXX_LIBRARY = "libc++";
				CLANG_ENABLE_MODULES = YES;
				CLANG_ENABLE_OBJC_ARC = YES;
				CLANG_WARN_BOOL_CONVERSION = YES;
				CLANG_WARN_CONSTANT_CONVERSION = YES;
				CLANG_WARN_DIRECT_OBJC_ISA_USAGE = YES_ERROR;
				CLANG_WARN_EMPTY_BODY = YES;
				CLANG_WARN_ENUM_CONVERSION = YES;
				CLANG_WARN_INT_CONVERSION = YES;
				CLANG_WARN_OBJC_ROOT_CLASS = YES_ERROR;
				CLANG_WARN_UNREACHABLE_CODE = YES;
				CLANG_WARN__DUPLICATE_METHOD_MATCH = YES;
				COPY_PHASE_STRIP = NO;
				DEBUG_INFORMATION_FORMAT = "dwarf-with-dsym";
				ENABLE_NS_ASSERTIONS = NO;
				ENABLE_STRICT_OBJC_MSGSEND = YES;
				GCC_C_LANGUAGE_STANDARD = gnu99;
				GCC_NO_COMMON_BLOCKS = YES;
				GCC_WARN_64_TO_32_BIT_CONVERSION = YES;
				GCC_WARN_ABOUT_RETURN_TYPE = YES_ERROR;
				GCC_WARN_UNDECLARED_SELECTOR = YES;
				GCC_WARN_UNINITIALIZED_AUTOS = YES_AGGRESSIVE;
				GCC_WARN_UNUSED_FUNCTION = YES;
				GCC_WARN_UNUSED_VARIABLE = YES;
				IPHONEOS_DEPLOYMENT_TARGET = 8.4;
				MTL_ENABLE_DEBUG_INFO = NO;
				PRODUCT_NAME = IBMECMCoreSampleApp;
				SDKROOT = iphoneos;
				TARGETED_DEVICE_FAMILY = "1,2";
				VALIDATE_PRODUCT = YES;
				VERSIONING_SYSTEM = "";
			};
			name = Release;
		};
/* End XCBuildConfiguration section */

/* Begin XCConfigurationList section */
		0ACBEC121B62DF6400479F56 /* Build configuration list for PBXNativeTarget "IBMECMCoreSampleApp" */ = {
			isa = XCConfigurationList;
			buildConfigurations = (
				0ACBEC131B62DF6400479F56 /* Debug */,
				0ACBEC141B62DF6400479F56 /* Release */,
			);
			defaultConfigurationIsVisible = 0;
			defaultConfigurationName = Release;
		};
		A772616D1B595F280077E80E /* Build configuration list for PBXProject "IBMECMCoreSample" */ = {
			isa = XCConfigurationList;
			buildConfigurations = (
				A77261871B595F280077E80E /* Debug */,
				A77261881B595F280077E80E /* Release */,
			);
			defaultConfigurationIsVisible = 0;
			defaultConfigurationName = Release;
		};
/* End XCConfigurationList section */
	};
	rootObject = A772616A1B595F280077E80E /* Project object */;
}
