PODS:
  - Alamofire (4.0.0)
  - CocoaLumberjack (1.9.2):
    - CocoaLumberjack/Extensions (= 1.9.2)
  - CocoaLumberjack/Core (1.9.2)
  - CocoaLumberjack/Extensions (1.9.2):
    - CocoaLumberjack/Core
  - Mantle (2.0.2):
    - Mantle/extobjc (= 2.0.2)
  - Mantle/extobjc (2.0.2)
  - MTLManagedObjectAdapter (1.0.2):
    - Mantle (~> 2.0)
    - MTLManagedObjectAdapter/extobjc (= 1.0.2)
  - MTLManagedObjectAdapter/extobjc (1.0.2):
    - Mantle (~> 2.0)

DEPENDENCIES:
  - Alamofire (= 4.0)
  - CocoaLumberjack (= 1.9.2)
  - Mantle (= 2.0.2)
  - MTLManagedObjectAdapter (= 1.0.2)

SPEC REPOS:
  https://github.com/cocoapods/specs.git:
    - Alamofire
    - CocoaLumberjack
    - Mantle
    - MTLManagedObjectAdapter

SPEC CHECKSUMS:
  Alamofire: fef59f00388f267e52d9b432aa5d93dc97190f14
  CocoaLumberjack: 628fca2e88ef06f7cf6817309aa405f325d9a6fa
  Mantle: 967fd31ea0220890b2e76589198996b534bb3fb1
  MTLManagedObjectAdapter: 7e9bf033525c741129912b1a80bf36fb570b8286

PODFILE CHECKSUM: de6b439357a9b481c35e35fe615a7b0d9834a866

COCOAPODS: 1.5.3
