PODS:
  - Alamofire (4.2.0)
  - CocoaLumberjack (1.9.2):
    - CocoaLumberjack/Extensions (= 1.9.2)
  - CocoaLumberjack/Core (1.9.2)
  - CocoaLumberjack/Extensions (1.9.2):
    - CocoaLumberjack/Core
  - Mantle (2.1.0):
    - Mantle/extobjc (= 2.1.0)
  - Mantle/extobjc (2.1.0)
  - MTLManagedObjectAdapter (1.0.0.1):
    - Mantle (~> 2.0)
    - MTLManagedObjectAdapter/extobjc (= 1.0.0.1)
  - MTLManagedObjectAdapter/extobjc (1.0.0.1):
    - Mantle (~> 2.0)

DEPENDENCIES:
  - Alamofire (~> 4.0)
  - CocoaLumberjack (= 1.9.2)
  - Mantle (= 2.1)
  - MTLManagedObjectAdapter (= 1.0.0.1)

SPEC CHECKSUMS:
  Alamofire: aa2e09d871c9160ac53c90e83c68064a94e3dfbe
  CocoaLumberjack: 628fca2e88ef06f7cf6817309aa405f325d9a6fa
  Mantle: 2fa750afa478cd625a94230fbf1c13462f29395b
  MTLManagedObjectAdapter: 2da4b0244ee66f87b43e5fe9e7cd47838dea83ae

PODFILE CHECKSUM: b03971d32e70044d810d8f34adbd83b5f8952703

COCOAPODS: 1.1.1
